
Microsoft Visual Studio Solution File, Format Version 12.00
# Visual Studio Version 17
VisualStudioVersion = 17.10.34607.79
MinimumVisualStudioVersion = 10.0.40219.1
Project("{9A19103F-16F7-4668-BE54-9A1E7A4F7556}") = "Umfg.Prg4.Lista1", "Umfg.Prg4.Lista1\Umfg.Prg4.Lista1.csproj", "{35580EEA-81F3-44D8-9C7D-5957EBDD397E}"
EndProject
Global
	GlobalSection(SolutionConfigurationPlatforms) = preSolution
		Debug|Any CPU = Debug|Any CPU
		Release|Any CPU = Release|Any CPU
	EndGlobalSection
	GlobalSection(ProjectConfigurationPlatforms) = postSolution
		{35580EEA-81F3-44D8-9C7D-5957EBDD397E}.Debug|Any CPU.ActiveCfg = Debug|Any CPU
		{35580EEA-81F3-44D8-9C7D-5957EBDD397E}.Debug|Any CPU.Build.0 = Debug|Any CPU
		{35580EEA-81F3-44D8-9C7D-5957EBDD397E}.Release|Any CPU.ActiveCfg = Release|Any CPU
		{35580EEA-81F3-44D8-9C7D-5957EBDD397E}.Release|Any CPU.Build.0 = Release|Any CPU
	EndGlobalSection
	GlobalSection(SolutionProperties) = preSolution
		HideSolutionNode = FALSE
	EndGlobalSection
	GlobalSection(ExtensibilityGlobals) = postSolution
		SolutionGuid = {C04A5427-C418-48C7-A6E1-3E67D592E64E}
	EndGlobalSection
EndGlobal
